// !$*UTF8*$!
{
	archiveVersion = 1;
	classes = {
	};
	objectVersion = 50;
	objects = {

/* Begin PBXBuildFile section */
		2CEF067B24B7934E004F9E76 /* AppDelegate.swift in Sources */ = {isa = PBXBuildFile; fileRef = 2CEF067A24B7934E004F9E76 /* AppDelegate.swift */; };
		2CEF067D24B7934E004F9E76 /* SceneDelegate.swift in Sources */ = {isa = PBXBuildFile; fileRef = 2CEF067C24B7934E004F9E76 /* SceneDelegate.swift */; };
		2CEF068424B7934F004F9E76 /* Assets.xcassets in Resources */ = {isa = PBXBuildFile; fileRef = 2CEF068324B7934F004F9E76 /* Assets.xcassets */; };
		2CEF069324B793A3004F9E76 /* LaunchScreen.storyboard in Resources */ = {isa = PBXBuildFile; fileRef = 2CEF069124B793A3004F9E76 /* LaunchScreen.storyboard */; };
		2CEF069424B793A3004F9E76 /* Main.storyboard in Resources */ = {isa = PBXBuildFile; fileRef = 2CEF069224B793A3004F9E76 /* Main.storyboard */; };
		2CEF069824B793B9004F9E76 /* GameViewController.swift in Sources */ = {isa = PBXBuildFile; fileRef = 2CEF069524B793B9004F9E76 /* GameViewController.swift */; };
		2CEF069924B793B9004F9E76 /* MenuViewController.swift in Sources */ = {isa = PBXBuildFile; fileRef = 2CEF069624B793B9004F9E76 /* MenuViewController.swift */; };
		2CEF069A24B793B9004F9E76 /* ResultViewController.swift in Sources */ = {isa = PBXBuildFile; fileRef = 2CEF069724B793B9004F9E76 /* ResultViewController.swift */; };
		2CEF069D24B793C3004F9E76 /* Question.swift in Sources */ = {isa = PBXBuildFile; fileRef = 2CEF069B24B793C3004F9E76 /* Question.swift */; };
		2CEF069E24B793C3004F9E76 /* appBrain.swift in Sources */ = {isa = PBXBuildFile; fileRef = 2CEF069C24B793C3004F9E76 /* appBrain.swift */; };
/* End PBXBuildFile section */

/* Begin PBXFileReference section */
		2CEF067724B7934E004F9E76 /* Historivia.app */ = {isa = PBXFileReference; explicitFileType = wrapper.application; includeInIndex = 0; path = Historivia.app; sourceTree = BUILT_PRODUCTS_DIR; };
		2CEF067A24B7934E004F9E76 /* AppDelegate.swift */ = {isa = PBXFileReference; lastKnownFileType = sourcecode.swift; path = AppDelegate.swift; sourceTree = "<group>"; };
		2CEF067C24B7934E004F9E76 /* SceneDelegate.swift */ = {isa = PBXFileReference; lastKnownFileType = sourcecode.swift; path = SceneDelegate.swift; sourceTree = "<group>"; };
		2CEF068324B7934F004F9E76 /* Assets.xcassets */ = {isa = PBXFileReference; lastKnownFileType = folder.assetcatalog; path = Assets.xcassets; sourceTree = "<group>"; };
		2CEF068824B7934F004F9E76 /* Info.plist */ = {isa = PBXFileReference; lastKnownFileType = text.plist.xml; path = Info.plist; sourceTree = "<group>"; };
		2CEF069124B793A3004F9E76 /* LaunchScreen.storyboard */ = {isa = PBXFileReference; fileEncoding = 4; lastKnownFileType = file.storyboard; path = LaunchScreen.storyboard; sourceTree = "<group>"; };
		2CEF069224B793A3004F9E76 /* Main.storyboard */ = {isa = PBXFileReference; fileEncoding = 4; lastKnownFileType = file.storyboard; path = Main.storyboard; sourceTree = "<group>"; };
		2CEF069524B793B9004F9E76 /* GameViewController.swift */ = {isa = PBXFileReference; fileEncoding = 4; lastKnownFileType = sourcecode.swift; path = GameViewController.swift; sourceTree = "<group>"; };
		2CEF069624B793B9004F9E76 /* MenuViewController.swift */ = {isa = PBXFileReference; fileEncoding = 4; lastKnownFileType = sourcecode.swift; path = MenuViewController.swift; sourceTree = "<group>"; };
		2CEF069724B793B9004F9E76 /* ResultViewController.swift */ = {isa = PBXFileReference; fileEncoding = 4; lastKnownFileType = sourcecode.swift; path = ResultViewController.swift; sourceTree = "<group>"; };
		2CEF069B24B793C3004F9E76 /* Question.swift */ = {isa = PBXFileReference; fileEncoding = 4; lastKnownFileType = sourcecode.swift; path = Question.swift; sourceTree = "<group>"; };
		2CEF069C24B793C3004F9E76 /* appBrain.swift */ = {isa = PBXFileReference; fileEncoding = 4; lastKnownFileType = sourcecode.swift; path = appBrain.swift; sourceTree = "<group>"; };
/* End PBXFileReference section */

/* Begin PBXFrameworksBuildPhase section */
		2CEF067424B7934E004F9E76 /* Frameworks */ = {
			isa = PBXFrameworksBuildPhase;
			buildActionMask = 2147483647;
			files = (
			);
			runOnlyForDeploymentPostprocessing = 0;
		};
/* End PBXFrameworksBuildPhase section */

/* Begin PBXGroup section */
		2CEF066E24B7934E004F9E76 = {
			isa = PBXGroup;
			children = (
				2CEF067924B7934E004F9E76 /* Historivia */,
				2CEF067824B7934E004F9E76 /* Products */,
			);
			sourceTree = "<group>";
		};
		2CEF067824B7934E004F9E76 /* Products */ = {
			isa = PBXGroup;
			children = (
				2CEF067724B7934E004F9E76 /* Historivia.app */,
			);
			name = Products;
			sourceTree = "<group>";
		};
		2CEF067924B7934E004F9E76 /* Historivia */ = {
			isa = PBXGroup;
			children = (
				2CEF068324B7934F004F9E76 /* Assets.xcassets */,
				2CEF068E24B79376004F9E76 /* Model */,
				2CEF068F24B79383004F9E76 /* View */,
				2CEF069024B79392004F9E76 /* Controller */,
				2CEF067A24B7934E004F9E76 /* AppDelegate.swift */,
				2CEF067C24B7934E004F9E76 /* SceneDelegate.swift */,
				2CEF068824B7934F004F9E76 /* Info.plist */,
			);
			path = Historivia;
			sourceTree = "<group>";
		};
		2CEF068E24B79376004F9E76 /* Model */ = {
			isa = PBXGroup;
			children = (
				2CEF069C24B793C3004F9E76 /* appBrain.swift */,
				2CEF069B24B793C3004F9E76 /* Question.swift */,
			);
			path = Model;
			sourceTree = "<group>";
		};
		2CEF068F24B79383004F9E76 /* View */ = {
			isa = PBXGroup;
			children = (
				2CEF069124B793A3004F9E76 /* LaunchScreen.storyboard */,
				2CEF069224B793A3004F9E76 /* Main.storyboard */,
			);
			path = View;
			sourceTree = "<group>";
		};
		2CEF069024B79392004F9E76 /* Controller */ = {
			isa = PBXGroup;
			children = (
				2CEF069524B793B9004F9E76 /* GameViewController.swift */,
				2CEF069624B793B9004F9E76 /* MenuViewController.swift */,
				2CEF069724B793B9004F9E76 /* ResultViewController.swift */,
			);
			path = Controller;
			sourceTree = "<group>";
		};
/* End PBXGroup section */

/* Begin PBXNativeTarget section */
		2CEF067624B7934E004F9E76 /* Historivia */ = {
			isa = PBXNativeTarget;
			buildConfigurationList = 2CEF068B24B7934F004F9E76 /* Build configuration list for PBXNativeTarget "Historivia" */;
			buildPhases = (
				2CEF067324B7934E004F9E76 /* Sources */,
				2CEF067424B7934E004F9E76 /* Frameworks */,
				2CEF067524B7934E004F9E76 /* Resources */,
			);
			buildRules = (
			);
			dependencies = (
			);
			name = Historivia;
			productName = Historivia;
			productReference = 2CEF067724B7934E004F9E76 /* Historivia.app */;
			productType = "com.apple.product-type.application";
		};
/* End PBXNativeTarget section */

/* Begin PBXProject section */
		2CEF066F24B7934E004F9E76 /* Project object */ = {
			isa = PBXProject;
			attributes = {
				LastSwiftUpdateCheck = 1150;
				LastUpgradeCheck = 1150;
				ORGANIZATIONNAME = Ivan;
				TargetAttributes = {
					2CEF067624B7934E004F9E76 = {
						CreatedOnToolsVersion = 11.5;
					};
				};
			};
			buildConfigurationList = 2CEF067224B7934E004F9E76 /* Build configuration list for PBXProject "Historivia" */;
			compatibilityVersion = "Xcode 9.3";
			developmentRegion = en;
			hasScannedForEncodings = 0;
			knownRegions = (
				en,
				Base,
			);
			mainGroup = 2CEF066E24B7934E004F9E76;
			productRefGroup = 2CEF067824B7934E004F9E76 /* Products */;
			projectDirPath = "";
			projectRoot = "";
			targets = (
				2CEF067624B7934E004F9E76 /* Historivia */,
			);
		};
/* End PBXProject section */

/* Begin PBXResourcesBuildPhase section */
		2CEF067524B7934E004F9E76 /* Resources */ = {
			isa = PBXResourcesBuildPhase;
			buildActionMask = 2147483647;
			files = (
				2CEF069424B793A3004F9E76 /* Main.storyboard in Resources */,
				2CEF068424B7934F004F9E76 /* Assets.xcassets in Resources */,
				2CEF069324B793A3004F9E76 /* LaunchScreen.storyboard in Resources */,
			);
			runOnlyForDeploymentPostprocessing = 0;
		};
/* End PBXResourcesBuildPhase section */

/* Begin PBXSourcesBuildPhase section */
		2CEF067324B7934E004F9E76 /* Sources */ = {
			isa = PBXSourcesBuildPhase;
			buildActionMask = 2147483647;
			files = (
				2CEF069A24B793B9004F9E76 /* ResultViewController.swift in Sources */,
				2CEF069E24B793C3004F9E76 /* appBrain.swift in Sources */,
				2CEF067B24B7934E004F9E76 /* AppDelegate.swift in Sources */,
				2CEF069824B793B9004F9E76 /* GameViewController.swift in Sources */,
				2CEF069D24B793C3004F9E76 /* Question.swift in Sources */,
				2CEF067D24B7934E004F9E76 /* SceneDelegate.swift in Sources */,
				2CEF069924B793B9004F9E76 /* MenuViewController.swift in Sources */,
			);
			runOnlyForDeploymentPostprocessing = 0;
		};
/* End PBXSourcesBuildPhase section */

/* Begin XCBuildConfiguration section */
		2CEF068924B7934F004F9E76 /* Debug */ = {
			isa = XCBuildConfiguration;
			buildSettings = {
				ALWAYS_SEARCH_USER_PATHS = NO;
				CLANG_ANALYZER_NONNULL = YES;
				CLANG_ANALYZER_NUMBER_OBJECT_CONVERSION = YES_AGGRESSIVE;
				CLANG_CXX_LANGUAGE_STANDARD = "gnu++14";
				CLANG_CXX_LIBRARY = "libc++";
				CLANG_ENABLE_MODULES = YES;
				CLANG_ENABLE_OBJC_ARC = YES;
				CLANG_ENABLE_OBJC_WEAK = YES;
				CLANG_WARN_BLOCK_CAPTURE_AUTORELEASING = YES;
				CLANG_WARN_BOOL_CONVERSION = YES;
				CLANG_WARN_COMMA = YES;
				CLANG_WARN_CONSTANT_CONVERSION = YES;
				CLANG_WARN_DEPRECATED_OBJC_IMPLEMENTATIONS = YES;
				CLANG_WARN_DIRECT_OBJC_ISA_USAGE = YES_ERROR;
				CLANG_WARN_DOCUMENTATION_COMMENTS = YES;
				CLANG_WARN_EMPTY_BODY = YES;
				CLANG_WARN_ENUM_CONVERSION = YES;
				CLANG_WARN_INFINITE_RECURSION = YES;
				CLANG_WARN_INT_CONVERSION = YES;
				CLANG_WARN_NON_LITERAL_NULL_CONVERSION = YES;
				CLANG_WARN_OBJC_IMPLICIT_RETAIN_SELF = YES;
				CLANG_WARN_OBJC_LITERAL_CONVERSION = YES;
				CLANG_WARN_OBJC_ROOT_CLASS = YES_ERROR;
				CLANG_WARN_RANGE_LOOP_ANALYSIS = YES;
				CLANG_WARN_STRICT_PROTOTYPES = YES;
				CLANG_WARN_SUSPICIOUS_MOVE = YES;
				CLANG_WARN_UNGUARDED_AVAILABILITY = YES_AGGRESSIVE;
				CLANG_WARN_UNREACHABLE_CODE = YES;
				CLANG_WARN__DUPLICATE_METHOD_MATCH = YES;
				COPY_PHASE_STRIP = NO;
				DEBUG_INFORMATION_FORMAT = dwarf;
				ENABLE_STRICT_OBJC_MSGSEND = YES;
				ENABLE_TESTABILITY = YES;
				GCC_C_LANGUAGE_STANDARD = gnu11;
				GCC_DYNAMIC_NO_PIC = NO;
				GCC_NO_COMMON_BLOCKS = YES;
				GCC_OPTIMIZATION_LEVEL = 0;
				GCC_PREPROCESSOR_DEFINITIONS = (
					"DEBUG=1",
					"$(inherited)",
				);
				GCC_WARN_64_TO_32_BIT_CONVERSION = YES;
				GCC_WARN_ABOUT_RETURN_TYPE = YES_ERROR;
				GCC_WARN_UNDECLARED_SELECTOR = YES;
				GCC_WARN_UNINITIALIZED_AUTOS = YES_AGGRESSIVE;
				GCC_WARN_UNUSED_FUNCTION = YES;
				GCC_WARN_UNUSED_VARIABLE = YES;
				IPHONEOS_DEPLOYMENT_TARGET = 13.5;
				MTL_ENABLE_DEBUG_INFO = INCLUDE_SOURCE;
				MTL_FAST_MATH = YES;
				ONLY_ACTIVE_ARCH = YES;
				SDKROOT = iphoneos;
				SWIFT_ACTIVE_COMPILATION_CONDITIONS = DEBUG;
				SWIFT_OPTIMIZATION_LEVEL = "-Onone";
			};
			name = Debug;
		};
		2CEF068A24B7934F004F9E76 /* Release */ = {
			isa = XCBuildConfiguration;
			buildSettings = {
				ALWAYS_SEARCH_USER_PATHS = NO;
				CLANG_ANALYZER_NONNULL = YES;
				CLANG_ANALYZER_NUMBER_OBJECT_CONVERSION = YES_AGGRESSIVE;
				CLANG_CXX_LANGUAGE_STANDARD = "gnu++14";
				CLANG_CXX_LIBRARY = "libc++";
				CLANG_ENABLE_MODULES = YES;
				CLANG_ENABLE_OBJC_ARC = YES;
				CLANG_ENABLE_OBJC_WEAK = YES;
				CLANG_WARN_BLOCK_CAPTURE_AUTORELEASING = YES;
				CLANG_WARN_BOOL_CONVERSION = YES;
				CLANG_WARN_COMMA = YES;
				CLANG_WARN_CONSTANT_CONVERSION = YES;
				CLANG_WARN_DEPRECATED_OBJC_IMPLEMENTATIONS = YES;
				CLANG_WARN_DIRECT_OBJC_ISA_USAGE = YES_ERROR;
				CLANG_WARN_DOCUMENTATION_COMMENTS = YES;
				CLANG_WARN_EMPTY_BODY = YES;
				CLANG_WARN_ENUM_CONVERSION = YES;
				CLANG_WARN_INFINITE_RECURSION = YES;
				CLANG_WARN_INT_CONVERSION = YES;
				CLANG_WARN_NON_LITERAL_NULL_CONVERSION = YES;
				CLANG_WARN_OBJC_IMPLICIT_RETAIN_SELF = YES;
				CLANG_WARN_OBJC_LITERAL_CONVERSION = YES;
				CLANG_WARN_OBJC_ROOT_CLASS = YES_ERROR;
				CLANG_WARN_RANGE_LOOP_ANALYSIS = YES;
				CLANG_WARN_STRICT_PROTOTYPES = YES;
				CLANG_WARN_SUSPICIOUS_MOVE = YES;
				CLANG_WARN_UNGUARDED_AVAILABILITY = YES_AGGRESSIVE;
				CLANG_WARN_UNREACHABLE_CODE = YES;
				CLANG_WARN__DUPLICATE_METHOD_MATCH = YES;
				COPY_PHASE_STRIP = NO;
				DEBUG_INFORMATION_FORMAT = "dwarf-with-dsym";
				ENABLE_NS_ASSERTIONS = NO;
				ENABLE_STRICT_OBJC_MSGSEND = YES;
				GCC_C_LANGUAGE_STANDARD = gnu11;
				GCC_NO_COMMON_BLOCKS = YES;
				GCC_WARN_64_TO_32_BIT_CONVERSION = YES;
				GCC_WARN_ABOUT_RETURN_TYPE = YES_ERROR;
				GCC_WARN_UNDECLARED_SELECTOR = YES;
				GCC_WARN_UNINITIALIZED_AUTOS = YES_AGGRESSIVE;
				GCC_WARN_UNUSED_FUNCTION = YES;
				GCC_WARN_UNUSED_VARIABLE = YES;
				IPHONEOS_DEPLOYMENT_TARGET = 13.5;
				MTL_ENABLE_DEBUG_INFO = NO;
				MTL_FAST_MATH = YES;
				SDKROOT = iphoneos;
				SWIFT_COMPILATION_MODE = wholemodule;
				SWIFT_OPTIMIZATION_LEVEL = "-O";
				VALIDATE_PRODUCT = YES;
			};
			name = Release;
		};
		2CEF068C24B7934F004F9E76 /* Debug */ = {
			isa = XCBuildConfiguration;
			buildSettings = {
				ASSETCATALOG_COMPILER_APPICON_NAME = AppIcon;
				CODE_SIGN_STYLE = Automatic;
				DEVELOPMENT_TEAM = 7F4XVWH83Y;
				INFOPLIST_FILE = Historivia/Info.plist;
				IPHONEOS_DEPLOYMENT_TARGET = 13.0;
				LD_RUNPATH_SEARCH_PATHS = (
					"$(inherited)",
					"@executable_path/Frameworks",
				);
				PRODUCT_BUNDLE_IDENTIFIER = com.projects.Historivia;
				PRODUCT_NAME = "$(TARGET_NAME)";
				SWIFT_VERSION = 5.0;
				TARGETED_DEVICE_FAMILY = 1;
			};
			name = Debug;
		};
		2CEF068D24B7934F004F9E76 /* Release */ = {
			isa = XCBuildConfiguration;
			buildSettings = {
				ASSETCATALOG_COMPILER_APPICON_NAME = AppIcon;
				CODE_SIGN_STYLE = Automatic;
				DEVELOPMENT_TEAM = 7F4XVWH83Y;
				INFOPLIST_FILE = Historivia/Info.plist;
				IPHONEOS_DEPLOYMENT_TARGET = 13.0;
				LD_RUNPATH_SEARCH_PATHS = (
					"$(inherited)",
					"@executable_path/Frameworks",
				);
				PRODUCT_BUNDLE_IDENTIFIER = com.projects.Historivia;
				PRODUCT_NAME = "$(TARGET_NAME)";
				SWIFT_VERSION = 5.0;
				TARGETED_DEVICE_FAMILY = 1;
			};
			name = Release;
		};
/* End XCBuildConfiguration section */

/* Begin XCConfigurationList section */
		2CEF067224B7934E004F9E76 /* Build configuration list for PBXProject "Historivia" */ = {
			isa = XCConfigurationList;
			buildConfigurations = (
				2CEF068924B7934F004F9E76 /* Debug */,
				2CEF068A24B7934F004F9E76 /* Release */,
			);
			defaultConfigurationIsVisible = 0;
			defaultConfigurationName = Release;
		};
		2CEF068B24B7934F004F9E76 /* Build configuration list for PBXNativeTarget "Historivia" */ = {
			isa = XCConfigurationList;
			buildConfigurations = (
				2CEF068C24B7934F004F9E76 /* Debug */,
				2CEF068D24B7934F004F9E76 /* Release */,
			);
			defaultConfigurationIsVisible = 0;
			defaultConfigurationName = Release;
		};
/* End XCConfigurationList section */
	};
	rootObject = 2CEF066F24B7934E004F9E76 /* Project object */;
}
